{
    "_meta": {
        "hash": {
            "sha256": "3f26fedebdd3a67828fa1b2eda83977d56319ed34ee6e4cf3179dc7c29376812"
        },
        "pipfile-spec": 6,
        "requires": {
            "python_version": "3.8"
        },
        "sources": [
            {
                "name": "pypi",
                "url": "https://pypi.org/simple",
                "verify_ssl": true
            }
        ]
    },
    "default": {
        "django": {
            "hashes": [
                "sha256:753d30d3eb078064d2ddadfea65083c9848074a7f93d7b4dc7fa6b1380d278f5",
                "sha256:7cb67e8b934fab23b6daed7144da52e8a25a47eba7f360ca43d2b448506b01ad"
            ],
            "index": "pypi",
            "version": "==2.2.2"
        },
        "pytz": {
            "hashes": [
                "sha256:83a4a90894bf38e243cf052c8b58f381bfe9a7a483f6a9cab140bc7f702ac4da",
                "sha256:eb10ce3e7736052ed3623d49975ce333bcd712c7bb19a58b9e2089d4057d0798"
            ],
            "version": "==2021.1"
        },
        "sqlparse": {
            "hashes": [
                "sha256:0c00730c74263a94e5a9919ade150dfc3b19c574389985446148402998287dae",
                "sha256:48719e356bb8b42991bdbb1e8b83223757b93789c00910a616a071910ca4a64d"
            ],
            "markers": "python_version >= '3.5'",
            "version": "==0.4.2"
        }
    },
    "develop": {}
}
